{
  "name": "developer",
  "lockfileVersion": 3,
  "requires": true,
  "packages": {
    "": {
      "dependencies": {
        "opencode-ai": "^1.17.7",
        "skills": "^1.5.11"
      }
    },
    "node_modules/opencode-ai": {
      "version": "1.17.7",
      "resolved": "https://registry.npmjs.org/opencode-ai/-/opencode-ai-1.17.7.tgz",
      "integrity": "sha512-5oMjuqlVL78JhvXshwp2NCXCI+CHr24wWi7/5aI0CZoHnI44qTqssWOBUW59dPTpRGSOQmXTDTOOsPVYW38JPg==",
      "cpu": [
        "arm64",
        "x64"
      ],
      "hasInstallScript": true,
      "license": "MIT",
      "os": [
        "darwin",
        "linux",
        "win32"
      ],
      "bin": {
        "opencode": "bin/opencode.exe"
      },
      "optionalDependencies": {
        "opencode-darwin-arm64": "1.17.7",
        "opencode-darwin-x64": "1.17.7",
        "opencode-darwin-x64-baseline": "1.17.7",
        "opencode-linux-arm64": "1.17.7",
        "opencode-linux-arm64-musl": "1.17.7",
        "opencode-linux-x64": "1.17.7",
        "opencode-linux-x64-baseline": "1.17.7",
        "opencode-linux-x64-baseline-musl": "1.17.7",
        "opencode-linux-x64-musl": "1.17.7",
        "opencode-windows-arm64": "1.17.7",
        "opencode-windows-x64": "1.17.7",
        "opencode-windows-x64-baseline": "1.17.7"
      }
    },
    "node_modules/opencode-darwin-arm64": {
      "version": "1.17.7",
      "resolved": "https://registry.npmjs.org/opencode-darwin-arm64/-/opencode-darwin-arm64-1.17.7.tgz",
      "integrity": "sha512-/uoZpJvnxY1jtRXAASQTIn0goya61M1RJhX0Zx2RwO+sdnrfvYYX6p7iL82Rl+Sp+TAS8y2NBvN+p/OLAnxsqg==",
      "cpu": [
        "arm64"
      ],
      "optional": true,
      "os": [
        "darwin"
      ]
    },
    "node_modules/opencode-darwin-x64": {
      "version": "1.17.7",
      "resolved": "https://registry.npmjs.org/opencode-darwin-x64/-/opencode-darwin-x64-1.17.7.tgz",
      "integrity": "sha512-v60XhJae1eKn/Kjhy2PLOY+ss7peSox8ILZFz7fwBzRgz4q61gIo1vM9WzXQ6Vt+5Oj8etYbPl3xmt1XDLZtEA==",
      "cpu": [
        "x64"
      ],
      "optional": true,
      "os": [
        "darwin"
      ]
    },
    "node_modules/opencode-darwin-x64-baseline": {
      "version": "1.17.7",
      "resolved": "https://registry.npmjs.org/opencode-darwin-x64-baseline/-/opencode-darwin-x64-baseline-1.17.7.tgz",
      "integrity": "sha512-nvaY4qQgS9ZSkCvw9+DOrQQeycbW8/AEcD/Q0suleMuUgFIqfrsVa4cdsmYrUh3BH+y2NRaVgMSIfU9gPqXAKA==",
      "cpu": [
        "x64"
      ],
      "optional": true,
      "os": [
        "darwin"
      ]
    },
    "node_modules/opencode-linux-arm64": {
      "version": "1.17.7",
      "resolved": "https://registry.npmjs.org/opencode-linux-arm64/-/opencode-linux-arm64-1.17.7.tgz",
      "integrity": "sha512-HTH5Z5V7xiAD+/nYn9wQYwM/LDokBZu8Ig+npwJrhGWzZGM+lChbv2+griYyRoaNEZ+zRsCvwyv96TTfb6nWDQ==",
      "cpu": [
        "arm64"
      ],
      "optional": true,
      "os": [
        "linux"
      ]
    },
    "node_modules/opencode-linux-arm64-musl": {
      "version": "1.17.7",
      "resolved": "https://registry.npmjs.org/opencode-linux-arm64-musl/-/opencode-linux-arm64-musl-1.17.7.tgz",
      "integrity": "sha512-bIySXi+XNLHL5m8lS1ljL5XZzQ0iMdf/X6KKaqHbDZQ3E0Qu7ERIHZjohx8S7htvCdPztuzeSr2udS0emumf6g==",
      "cpu": [
        "arm64"
      ],
      "optional": true,
      "os": [
        "linux"
      ]
    },
    "node_modules/opencode-linux-x64": {
      "version": "1.17.7",
      "resolved": "https://registry.npmjs.org/opencode-linux-x64/-/opencode-linux-x64-1.17.7.tgz",
      "integrity": "sha512-UIxkdA/8281EHbHYVr5PSD+eVoMdlyfkmXiZp3u9duttsMHdf1F6lw0XjYmDRBCPp8zQM1D1RLCABuRA/kUX+Q==",
      "cpu": [
        "x64"
      ],
      "optional": true,
      "os": [
        "linux"
      ]
    },
    "node_modules/opencode-linux-x64-baseline": {
      "version": "1.17.7",
      "resolved": "https://registry.npmjs.org/opencode-linux-x64-baseline/-/opencode-linux-x64-baseline-1.17.7.tgz",
      "integrity": "sha512-fj62eWDQSygxS3Q5S3Gm4VYOsHrlTnje46bXoWc9IXfFNwFHAyL+izKzpU1SePCpCCEdsjy//nCKOnqN4PPK5g==",
      "cpu": [
        "x64"
      ],
      "optional": true,
      "os": [
        "linux"
      ]
    },
    "node_modules/opencode-linux-x64-baseline-musl": {
      "version": "1.17.7",
      "resolved": "https://registry.npmjs.org/opencode-linux-x64-baseline-musl/-/opencode-linux-x64-baseline-musl-1.17.7.tgz",
      "integrity": "sha512-kTuZpRxMOzKt+ztp6yb+cSN8L69UYWN1x7Na4egX2d26IU0xK+RlXE9HjHzF/EjsmSBMc3DR8MvKUVldQ2XdbA==",
      "cpu": [
        "x64"
      ],
      "optional": true,
      "os": [
        "linux"
      ]
    },
    "node_modules/opencode-linux-x64-musl": {
      "version": "1.17.7",
      "resolved": "https://registry.npmjs.org/opencode-linux-x64-musl/-/opencode-linux-x64-musl-1.17.7.tgz",
      "integrity": "sha512-iKUBKzVD1ybMmAy3KW6cjfst18+glp3Fgtd7POGEAaQO7cWzwSmOnFHN3uCAi/wYrfrvYd4zXxHsFP0yMJRUmA==",
      "cpu": [
        "x64"
      ],
      "optional": true,
      "os": [
        "linux"
      ]
    },
    "node_modules/opencode-windows-arm64": {
      "version": "1.17.7",
      "resolved": "https://registry.npmjs.org/opencode-windows-arm64/-/opencode-windows-arm64-1.17.7.tgz",
      "integrity": "sha512-BVlfloqHrjPhpDvbm3u1vQuEn063lbT3lcT7HBLmHpvwJd6FJutjPpm5/3xYxSusmXRGL7bmMZ3v1KPOeY0tBQ==",
      "cpu": [
        "arm64"
      ],
      "optional": true,
      "os": [
        "win32"
      ]
    },
    "node_modules/opencode-windows-x64": {
      "version": "1.17.7",
      "resolved": "https://registry.npmjs.org/opencode-windows-x64/-/opencode-windows-x64-1.17.7.tgz",
      "integrity": "sha512-MAykQj6ouoZ2rMt+q8ujBTnc4sD86WfLnPom28CTD+KgmI1s2D2qka7J6DjpK6A3j8PpkC0bEBIqVBciVgY6EA==",
      "cpu": [
        "x64"
      ],
      "optional": true,
      "os": [
        "win32"
      ]
    },
    "node_modules/opencode-windows-x64-baseline": {
      "version": "1.17.7",
      "resolved": "https://registry.npmjs.org/opencode-windows-x64-baseline/-/opencode-windows-x64-baseline-1.17.7.tgz",
      "integrity": "sha512-Gui/cezrLsLEZb1rUwNoKGXIiuZA0FsaGN3L/qR3/Qpce3e+hhqfqLHQXqlh0PFU1dSRKVRF8ukwWVx+2G5CPQ==",
      "cpu": [
        "x64"
      ],
      "optional": true,
      "os": [
        "win32"
      ]
    },
    "node_modules/skills": {
      "version": "1.5.11",
      "resolved": "https://registry.npmjs.org/skills/-/skills-1.5.11.tgz",
      "integrity": "sha512-QDGca7EqRpbFQFKESTZm0+rlY8yg4PTAQatvJu+jsTmtDLfApsHdNG+QaKc0MuRhzOH7OW0FdDRcSPTDM+KpNg==",
      "license": "MIT",
      "dependencies": {
        "yaml": "^2.8.3"
      },
      "bin": {
        "add-skill": "bin/cli.mjs",
        "skills": "bin/cli.mjs"
      },
      "engines": {
        "node": ">=18"
      }
    },
    "node_modules/yaml": {
      "version": "2.9.0",
      "resolved": "https://registry.npmjs.org/yaml/-/yaml-2.9.0.tgz",
      "integrity": "sha512-2AvhNX3mb8zd6Zy7INTtSpl1F15HW6Wnqj0srWlkKLcpYl/gMIMJiyuGq2KeI2YFxUPjdlB+3Lc10seMLtL4cA==",
      "license": "ISC",
      "bin": {
        "yaml": "bin.mjs"
      },
      "engines": {
        "node": ">= 14.6"
      },
      "funding": {
        "url": "https://github.com/sponsors/eemeli"
      }
    }
  }
}
